// !$*UTF8*$!
{
	archiveVersion = 1;
	classes = {
	};
	objectVersion = 46;
	objects = {

/* Begin PBXBuildFile section */
		0453F3321D27D04800489316 /* main.m in Sources */ = {isa = PBXBuildFile; fileRef = 0453F3311D27D04800489316 /* main.m */; };
		0453F3351D27D04800489316 /* AppDelegate.m in Sources */ = {isa = PBXBuildFile; fileRef = 0453F3341D27D04800489316 /* AppDelegate.m */; };
		0453F3381D27D04800489316 /* ViewController.m in Sources */ = {isa = PBXBuildFile; fileRef = 0453F3371D27D04800489316 /* ViewController.m */; };
		0453F33B1D27D04800489316 /* Main.storyboard in Resources */ = {isa = PBXBuildFile; fileRef = 0453F3391D27D04800489316 /* Main.storyboard */; };
		0453F33D1D27D04800489316 /* Assets.xcassets in Resources */ = {isa = PBXBuildFile; fileRef = 0453F33C1D27D04800489316 /* Assets.xcassets */; };
		0453F3401D27D04800489316 /* LaunchScreen.storyboard in Resources */ = {isa = PBXBuildFile; fileRef = 0453F33E1D27D04800489316 /* LaunchScreen.storyboard */; };
		0453F34B1D27D04800489316 /* QQMusic_FQHTests.m in Sources */ = {isa = PBXBuildFile; fileRef = 0453F34A1D27D04800489316 /* QQMusic_FQHTests.m */; };
		0453F3561D27D04800489316 /* QQMusic_FQHUITests.m in Sources */ = {isa = PBXBuildFile; fileRef = 0453F3551D27D04800489316 /* QQMusic_FQHUITests.m */; };
/* End PBXBuildFile section */

/* Begin PBXContainerItemProxy section */
		0453F3471D27D04800489316 /* PBXContainerItemProxy */ = {
			isa = PBXContainerItemProxy;
			containerPortal = 0453F3251D27D04800489316 /* Project object */;
			proxyType = 1;
			remoteGlobalIDString = 0453F32C1D27D04800489316;
			remoteInfo = QQMusic_FQH;
		};
		0453F3521D27D04800489316 /* PBXContainerItemProxy */ = {
			isa = PBXContainerItemProxy;
			containerPortal = 0453F3251D27D04800489316 /* Project object */;
			proxyType = 1;
			remoteGlobalIDString = 0453F32C1D27D04800489316;
			remoteInfo = QQMusic_FQH;
		};
/* End PBXContainerItemProxy section */

/* Begin PBXFileReference section */
		0453F32D1D27D04800489316 /* QQMusic_FQH.app */ = {isa = PBXFileReference; explicitFileType = wrapper.application; includeInIndex = 0; path = QQMusic_FQH.app; sourceTree = BUILT_PRODUCTS_DIR; };
		0453F3311D27D04800489316 /* main.m */ = {isa = PBXFileReference; lastKnownFileType = sourcecode.c.objc; path = main.m; sourceTree = "<group>"; };
		0453F3331D27D04800489316 /* AppDelegate.h */ = {isa = PBXFileReference; lastKnownFileType = sourcecode.c.h; path = AppDelegate.h; sourceTree = "<group>"; };
		0453F3341D27D04800489316 /* AppDelegate.m */ = {isa = PBXFileReference; lastKnownFileType = sourcecode.c.objc; path = AppDelegate.m; sourceTree = "<group>"; };
		0453F3361D27D04800489316 /* ViewController.h */ = {isa = PBXFileReference; lastKnownFileType = sourcecode.c.h; path = ViewController.h; sourceTree = "<group>"; };
		0453F3371D27D04800489316 /* ViewController.m */ = {isa = PBXFileReference; lastKnownFileType = sourcecode.c.objc; path = ViewController.m; sourceTree = "<group>"; };
		0453F33A1D27D04800489316 /* Base */ = {isa = PBXFileReference; lastKnownFileType = file.storyboard; name = Base; path = Base.lproj/Main.storyboard; sourceTree = "<group>"; };
		0453F33C1D27D04800489316 /* Assets.xcassets */ = {isa = PBXFileReference; lastKnownFileType = folder.assetcatalog; path = Assets.xcassets; sourceTree = "<group>"; };
		0453F33F1D27D04800489316 /* Base */ = {isa = PBXFileReference; lastKnownFileType = file.storyboard; name = Base; path = Base.lproj/LaunchScreen.storyboard; sourceTree = "<group>"; };
		0453F3411D27D04800489316 /* Info.plist */ = {isa = PBXFileReference; lastKnownFileType = text.plist.xml; path = Info.plist; sourceTree = "<group>"; };
		0453F3461D27D04800489316 /* QQMusic_FQHTests.xctest */ = {isa = PBXFileReference; explicitFileType = wrapper.cfbundle; includeInIndex = 0; path = QQMusic_FQHTests.xctest; sourceTree = BUILT_PRODUCTS_DIR; };
		0453F34A1D27D04800489316 /* QQMusic_FQHTests.m */ = {isa = PBXFileReference; lastKnownFileType = sourcecode.c.objc; path = QQMusic_FQHTests.m; sourceTree = "<group>"; };
		0453F34C1D27D04800489316 /* Info.plist */ = {isa = PBXFileReference; lastKnownFileType = text.plist.xml; path = Info.plist; sourceTree = "<group>"; };
		0453F3511D27D04800489316 /* QQMusic_FQHUITests.xctest */ = {isa = PBXFileReference; explicitFileType = wrapper.cfbundle; includeInIndex = 0; path = QQMusic_FQHUITests.xctest; sourceTree = BUILT_PRODUCTS_DIR; };
		0453F3551D27D04800489316 /* QQMusic_FQHUITests.m */ = {isa = PBXFileReference; lastKnownFileType = sourcecode.c.objc; path = QQMusic_FQHUITests.m; sourceTree = "<group>"; };
		0453F3571D27D04800489316 /* Info.plist */ = {isa = PBXFileReference; lastKnownFileType = text.plist.xml; path = Info.plist; sourceTree = "<group>"; };
/* End PBXFileReference section */

/* Begin PBXFrameworksBuildPhase section */
		0453F32A1D27D04800489316 /* Frameworks */ = {
			isa = PBXFrameworksBuildPhase;
			buildActionMask = 2147483647;
			files = (
			);
			runOnlyForDeploymentPostprocessing = 0;
		};
		0453F3431D27D04800489316 /* Frameworks */ = {
			isa = PBXFrameworksBuildPhase;
			buildActionMask = 2147483647;
			files = (
			);
			runOnlyForDeploymentPostprocessing = 0;
		};
		0453F34E1D27D04800489316 /* Frameworks */ = {
			isa = PBXFrameworksBuildPhase;
			buildActionMask = 2147483647;
			files = (
			);
			runOnlyForDeploymentPostprocessing = 0;
		};
/* End PBXFrameworksBuildPhase section */

/* Begin PBXGroup section */
		0453F3241D27D04800489316 = {
			isa = PBXGroup;
			children = (
				0453F32F1D27D04800489316 /* QQMusic_FQH */,
				0453F3491D27D04800489316 /* QQMusic_FQHTests */,
				0453F3541D27D04800489316 /* QQMusic_FQHUITests */,
				0453F32E1D27D04800489316 /* Products */,
			);
			sourceTree = "<group>";
		};
		0453F32E1D27D04800489316 /* Products */ = {
			isa = PBXGroup;
			children = (
				0453F32D1D27D04800489316 /* QQMusic_FQH.app */,
				0453F3461D27D04800489316 /* QQMusic_FQHTests.xctest */,
				0453F3511D27D04800489316 /* QQMusic_FQHUITests.xctest */,
			);
			name = Products;
			sourceTree = "<group>";
		};
		0453F32F1D27D04800489316 /* QQMusic_FQH */ = {
			isa = PBXGroup;
			children = (
				0453F3331D27D04800489316 /* AppDelegate.h */,
				0453F3341D27D04800489316 /* AppDelegate.m */,
				0453F3361D27D04800489316 /* ViewController.h */,
				0453F3371D27D04800489316 /* ViewController.m */,
				0453F3391D27D04800489316 /* Main.storyboard */,
				0453F33C1D27D04800489316 /* Assets.xcassets */,
				0453F33E1D27D04800489316 /* LaunchScreen.storyboard */,
				0453F3411D27D04800489316 /* Info.plist */,
				0453F3301D27D04800489316 /* Supporting Files */,
			);
			path = QQMusic_FQH;
			sourceTree = "<group>";
		};
		0453F3301D27D04800489316 /* Supporting Files */ = {
			isa = PBXGroup;
			children = (
				0453F3311D27D04800489316 /* main.m */,
			);
			name = "Supporting Files";
			sourceTree = "<group>";
		};
		0453F3491D27D04800489316 /* QQMusic_FQHTests */ = {
			isa = PBXGroup;
			children = (
				0453F34A1D27D04800489316 /* QQMusic_FQHTests.m */,
				0453F34C1D27D04800489316 /* Info.plist */,
			);
			path = QQMusic_FQHTests;
			sourceTree = "<group>";
		};
		0453F3541D27D04800489316 /* QQMusic_FQHUITests */ = {
			isa = PBXGroup;
			children = (
				0453F3551D27D04800489316 /* QQMusic_FQHUITests.m */,
				0453F3571D27D04800489316 /* Info.plist */,
			);
			path = QQMusic_FQHUITests;
			sourceTree = "<group>";
		};
/* End PBXGroup section */

/* Begin PBXNativeTarget section */
		0453F32C1D27D04800489316 /* QQMusic_FQH */ = {
			isa = PBXNativeTarget;
			buildConfigurationList = 0453F35A1D27D04800489316 /* Build configuration list for PBXNativeTarget "QQMusic_FQH" */;
			buildPhases = (
				0453F3291D27D04800489316 /* Sources */,
				0453F32A1D27D04800489316 /* Frameworks */,
				0453F32B1D27D04800489316 /* Resources */,
			);
			buildRules = (
			);
			dependencies = (
			);
			name = QQMusic_FQH;
			productName = QQMusic_FQH;
			productReference = 0453F32D1D27D04800489316 /* QQMusic_FQH.app */;
			productType = "com.apple.product-type.application";
		};
		0453F3451D27D04800489316 /* QQMusic_FQHTests */ = {
			isa = PBXNativeTarget;
			buildConfigurationList = 0453F35D1D27D04800489316 /* Build configuration list for PBXNativeTarget "QQMusic_FQHTests" */;
			buildPhases = (
				0453F3421D27D04800489316 /* Sources */,
				0453F3431D27D04800489316 /* Frameworks */,
				0453F3441D27D04800489316 /* Resources */,
			);
			buildRules = (
			);
			dependencies = (
				0453F3481D27D04800489316 /* PBXTargetDependency */,
			);
			name = QQMusic_FQHTests;
			productName = QQMusic_FQHTests;
			productReference = 0453F3461D27D04800489316 /* QQMusic_FQHTests.xctest */;
			productType = "com.apple.product-type.bundle.unit-test";
		};
		0453F3501D27D04800489316 /* QQMusic_FQHUITests */ = {
			isa = PBXNativeTarget;
			buildConfigurationList = 0453F3601D27D04800489316 /* Build configuration list for PBXNativeTarget "QQMusic_FQHUITests" */;
			buildPhases = (
				0453F34D1D27D04800489316 /* Sources */,
				0453F34E1D27D04800489316 /* Frameworks */,
				0453F34F1D27D04800489316 /* Resources */,
			);
			buildRules = (
			);
			dependencies = (
				0453F3531D27D04800489316 /* PBXTargetDependency */,
			);
			name = QQMusic_FQHUITests;
			productName = QQMusic_FQHUITests;
			productReference = 0453F3511D27D04800489316 /* QQMusic_FQHUITests.xctest */;
			productType = "com.apple.product-type.bundle.ui-testing";
		};
/* End PBXNativeTarget section */

/* Begin PBXProject section */
		0453F3251D27D04800489316 /* Project object */ = {
			isa = PBXProject;
			attributes = {
				LastUpgradeCheck = 0710;
				ORGANIZATIONNAME = FQH;
				TargetAttributes = {
					0453F32C1D27D04800489316 = {
						CreatedOnToolsVersion = 7.1;
					};
					0453F3451D27D04800489316 = {
						CreatedOnToolsVersion = 7.1;
						TestTargetID = 0453F32C1D27D04800489316;
					};
					0453F3501D27D04800489316 = {
						CreatedOnToolsVersion = 7.1;
						TestTargetID = 0453F32C1D27D04800489316;
					};
				};
			};
			buildConfigurationList = 0453F3281D27D04800489316 /* Build configuration list for PBXProject "QQMusic_FQH" */;
			compatibilityVersion = "Xcode 3.2";
			developmentRegion = English;
			hasScannedForEncodings = 0;
			knownRegions = (
				en,
				Base,
			);
			mainGroup = 0453F3241D27D04800489316;
			productRefGroup = 0453F32E1D27D04800489316 /* Products */;
			projectDirPath = "";
			projectRoot = "";
			targets = (
				0453F32C1D27D04800489316 /* QQMusic_FQH */,
				0453F3451D27D04800489316 /* QQMusic_FQHTests */,
				0453F3501D27D04800489316 /* QQMusic_FQHUITests */,
			);
		};
/* End PBXProject section */

/* Begin PBXResourcesBuildPhase section */
		0453F32B1D27D04800489316 /* Resources */ = {
			isa = PBXResourcesBuildPhase;
			buildActionMask = 2147483647;
			files = (
				0453F3401D27D04800489316 /* LaunchScreen.storyboard in Resources */,
				0453F33D1D27D04800489316 /* Assets.xcassets in Resources */,
				0453F33B1D27D04800489316 /* Main.storyboard in Resources */,
			);
			runOnlyForDeploymentPostprocessing = 0;
		};
		0453F3441D27D04800489316 /* Resources */ = {
			isa = PBXResourcesBuildPhase;
			buildActionMask = 2147483647;
			files = (
			);
			runOnlyForDeploymentPostprocessing = 0;
		};
		0453F34F1D27D04800489316 /* Resources */ = {
			isa = PBXResourcesBuildPhase;
			buildActionMask = 2147483647;
			files = (
			);
			runOnlyForDeploymentPostprocessing = 0;
		};
/* End PBXResourcesBuildPhase section */

/* Begin PBXSourcesBuildPhase section */
		0453F3291D27D04800489316 /* Sources */ = {
			isa = PBXSourcesBuildPhase;
			buildActionMask = 2147483647;
			files = (
				0453F3381D27D04800489316 /* ViewController.m in Sources */,
				0453F3351D27D04800489316 /* AppDelegate.m in Sources */,
				0453F3321D27D04800489316 /* main.m in Sources */,
			);
			runOnlyForDeploymentPostprocessing = 0;
		};
		0453F3421D27D04800489316 /* Sources */ = {
			isa = PBXSourcesBuildPhase;
			buildActionMask = 2147483647;
			files = (
				0453F34B1D27D04800489316 /* QQMusic_FQHTests.m in Sources */,
			);
			runOnlyForDeploymentPostprocessing = 0;
		};
		0453F34D1D27D04800489316 /* Sources */ = {
			isa = PBXSourcesBuildPhase;
			buildActionMask = 2147483647;
			files = (
				0453F3561D27D04800489316 /* QQMusic_FQHUITests.m in Sources */,
			);
			runOnlyForDeploymentPostprocessing = 0;
		};
/* End PBXSourcesBuildPhase section */

/* Begin PBXTargetDependency section */
		0453F3481D27D04800489316 /* PBXTargetDependency */ = {
			isa = PBXTargetDependency;
			target = 0453F32C1D27D04800489316 /* QQMusic_FQH */;
			targetProxy = 0453F3471D27D04800489316 /* PBXContainerItemProxy */;
		};
		0453F3531D27D04800489316 /* PBXTargetDependency */ = {
			isa = PBXTargetDependency;
			target = 0453F32C1D27D04800489316 /* QQMusic_FQH */;
			targetProxy = 0453F3521D27D04800489316 /* PBXContainerItemProxy */;
		};
/* End PBXTargetDependency section */

/* Begin PBXVariantGroup section */
		0453F3391D27D04800489316 /* Main.storyboard */ = {
			isa = PBXVariantGroup;
			children = (
				0453F33A1D27D04800489316 /* Base */,
			);
			name = Main.storyboard;
			sourceTree = "<group>";
		};
		0453F33E1D27D04800489316 /* LaunchScreen.storyboard */ = {
			isa = PBXVariantGroup;
			children = (
				0453F33F1D27D04800489316 /* Base */,
			);
			name = LaunchScreen.storyboard;
			sourceTree = "<group>";
		};
/* End PBXVariantGroup section */

/* Begin XCBuildConfiguration section */
		0453F3581D27D04800489316 /* Debug */ = {
			isa = XCBuildConfiguration;
			buildSettings = {
				ALWAYS_SEARCH_USER_PATHS = NO;
				CLANG_CXX_LANGUAGE_STANDARD = "gnu++0x";
				CLANG_CXX_LIBRARY = "libc++";
				CLANG_ENABLE_MODULES = YES;
				CLANG_ENABLE_OBJC_ARC = YES;
				CLANG_WARN_BOOL_CONVERSION = YES;
				CLANG_WARN_CONSTANT_CONVERSION = YES;
				CLANG_WARN_DIRECT_OBJC_ISA_USAGE = YES_ERROR;
				CLANG_WARN_EMPTY_BODY = YES;
				CLANG_WARN_ENUM_CONVERSION = YES;
				CLANG_WARN_INT_CONVERSION = YES;
				CLANG_WARN_OBJC_ROOT_CLASS = YES_ERROR;
				CLANG_WARN_UNREACHABLE_CODE = YES;
				CLANG_WARN__DUPLICATE_METHOD_MATCH = YES;
				"CODE_SIGN_IDENTITY[sdk=iphoneos*]" = "iPhone Developer";
				COPY_PHASE_STRIP = NO;
				DEBUG_INFORMATION_FORMAT = dwarf;
				ENABLE_STRICT_OBJC_MSGSEND = YES;
				ENABLE_TESTABILITY = YES;
				GCC_C_LANGUAGE_STANDARD = gnu99;
				GCC_DYNAMIC_NO_PIC = NO;
				GCC_NO_COMMON_BLOCKS = YES;
				GCC_OPTIMIZATION_LEVEL = 0;
				GCC_PREPROCESSOR_DEFINITIONS = (
					"DEBUG=1",
					"$(inherited)",
				);
				GCC_WARN_64_TO_32_BIT_CONVERSION = YES;
				GCC_WARN_ABOUT_RETURN_TYPE = YES_ERROR;
				GCC_WARN_UNDECLARED_SELECTOR = YES;
				GCC_WARN_UNINITIALIZED_AUTOS = YES_AGGRESSIVE;
				GCC_WARN_UNUSED_FUNCTION = YES;
				GCC_WARN_UNUSED_VARIABLE = YES;
				IPHONEOS_DEPLOYMENT_TARGET = 9.1;
				MTL_ENABLE_DEBUG_INFO = YES;
				ONLY_ACTIVE_ARCH = YES;
				SDKROOT = iphoneos;
			};
			name = Debug;
		};
		0453F3591D27D04800489316 /* Release */ = {
			isa = XCBuildConfiguration;
			buildSettings = {
				ALWAYS_SEARCH_USER_PATHS = NO;
				CLANG_CXX_LANGUAGE_STANDARD = "gnu++0x";
				CLANG_CXX_LIBRARY = "libc++";
				CLANG_ENABLE_MODULES = YES;
				CLANG_ENABLE_OBJC_ARC = YES;
				CLANG_WARN_BOOL_CONVERSION = YES;
				CLANG_WARN_CONSTANT_CONVERSION = YES;
				CLANG_WARN_DIRECT_OBJC_ISA_USAGE = YES_ERROR;
				CLANG_WARN_EMPTY_BODY = YES;
				CLANG_WARN_ENUM_CONVERSION = YES;
				CLANG_WARN_INT_CONVERSION = YES;
				CLANG_WARN_OBJC_ROOT_CLASS = YES_ERROR;
				CLANG_WARN_UNREACHABLE_CODE = YES;
				CLANG_WARN__DUPLICATE_METHOD_MATCH = YES;
				"CODE_SIGN_IDENTITY[sdk=iphoneos*]" = "iPhone Developer";
				COPY_PHASE_STRIP = NO;
				DEBUG_INFORMATION_FORMAT = "dwarf-with-dsym";
				ENABLE_NS_ASSERTIONS = NO;
				ENABLE_STRICT_OBJC_MSGSEND = YES;
				GCC_C_LANGUAGE_STANDARD = gnu99;
				GCC_NO_COMMON_BLOCKS = YES;
				GCC_WARN_64_TO_32_BIT_CONVERSION = YES;
				GCC_WARN_ABOUT_RETURN_TYPE = YES_ERROR;
				GCC_WARN_UNDECLARED_SELECTOR = YES;
				GCC_WARN_UNINITIALIZED_AUTOS = YES_AGGRESSIVE;
				GCC_WARN_UNUSED_FUNCTION = YES;
				GCC_WARN_UNUSED_VARIABLE = YES;
				IPHONEOS_DEPLOYMENT_TARGET = 9.1;
				MTL_ENABLE_DEBUG_INFO = NO;
				SDKROOT = iphoneos;
				VALIDATE_PRODUCT = YES;
			};
			name = Release;
		};
		0453F35B1D27D04800489316 /* Debug */ = {
			isa = XCBuildConfiguration;
			buildSettings = {
				ASSETCATALOG_COMPILER_APPICON_NAME = AppIcon;
				INFOPLIST_FILE = QQMusic_FQH/Info.plist;
				LD_RUNPATH_SEARCH_PATHS = "$(inherited) @executable_path/Frameworks";
				PRODUCT_BUNDLE_IDENTIFIER = "mini.QQMusic-FQH";
				PRODUCT_NAME = "$(TARGET_NAME)";
			};
			name = Debug;
		};
		0453F35C1D27D04800489316 /* Release */ = {
			isa = XCBuildConfiguration;
			buildSettings = {
				ASSETCATALOG_COMPILER_APPICON_NAME = AppIcon;
				INFOPLIST_FILE = QQMusic_FQH/Info.plist;
				LD_RUNPATH_SEARCH_PATHS = "$(inherited) @executable_path/Frameworks";
				PRODUCT_BUNDLE_IDENTIFIER = "mini.QQMusic-FQH";
				PRODUCT_NAME = "$(TARGET_NAME)";
			};
			name = Release;
		};
		0453F35E1D27D04800489316 /* Debug */ = {
			isa = XCBuildConfiguration;
			buildSettings = {
				BUNDLE_LOADER = "$(TEST_HOST)";
				INFOPLIST_FILE = QQMusic_FQHTests/Info.plist;
				LD_RUNPATH_SEARCH_PATHS = "$(inherited) @executable_path/Frameworks @loader_path/Frameworks";
				PRODUCT_BUNDLE_IDENTIFIER = "mini.QQMusic-FQHTests";
				PRODUCT_NAME = "$(TARGET_NAME)";
				TEST_HOST = "$(BUILT_PRODUCTS_DIR)/QQMusic_FQH.app/QQMusic_FQH";
			};
			name = Debug;
		};
		0453F35F1D27D04800489316 /* Release */ = {
			isa = XCBuildConfiguration;
			buildSettings = {
				BUNDLE_LOADER = "$(TEST_HOST)";
				INFOPLIST_FILE = QQMusic_FQHTests/Info.plist;
				LD_RUNPATH_SEARCH_PATHS = "$(inherited) @executable_path/Frameworks @loader_path/Frameworks";
				PRODUCT_BUNDLE_IDENTIFIER = "mini.QQMusic-FQHTests";
				PRODUCT_NAME = "$(TARGET_NAME)";
				TEST_HOST = "$(BUILT_PRODUCTS_DIR)/QQMusic_FQH.app/QQMusic_FQH";
			};
			name = Release;
		};
		0453F3611D27D04800489316 /* Debug */ = {
			isa = XCBuildConfiguration;
			buildSettings = {
				INFOPLIST_FILE = QQMusic_FQHUITests/Info.plist;
				LD_RUNPATH_SEARCH_PATHS = "$(inherited) @executable_path/Frameworks @loader_path/Frameworks";
				PRODUCT_BUNDLE_IDENTIFIER = "mini.QQMusic-FQHUITests";
				PRODUCT_NAME = "$(TARGET_NAME)";
				TEST_TARGET_NAME = QQMusic_FQH;
				USES_XCTRUNNER = YES;
			};
			name = Debug;
		};
		0453F3621D27D04800489316 /* Release */ = {
			isa = XCBuildConfiguration;
			buildSettings = {
				INFOPLIST_FILE = QQMusic_FQHUITests/Info.plist;
				LD_RUNPATH_SEARCH_PATHS = "$(inherited) @executable_path/Frameworks @loader_path/Frameworks";
				PRODUCT_BUNDLE_IDENTIFIER = "mini.QQMusic-FQHUITests";
				PRODUCT_NAME = "$(TARGET_NAME)";
				TEST_TARGET_NAME = QQMusic_FQH;
				USES_XCTRUNNER = YES;
			};
			name = Release;
		};
/* End XCBuildConfiguration section */

/* Begin XCConfigurationList section */
		0453F3281D27D04800489316 /* Build configuration list for PBXProject "QQMusic_FQH" */ = {
			isa = XCConfigurationList;
			buildConfigurations = (
				0453F3581D27D04800489316 /* Debug */,
				0453F3591D27D04800489316 /* Release */,
			);
			defaultConfigurationIsVisible = 0;
			defaultConfigurationName = Release;
		};
		0453F35A1D27D04800489316 /* Build configuration list for PBXNativeTarget "QQMusic_FQH" */ = {
			isa = XCConfigurationList;
			buildConfigurations = (
				0453F35B1D27D04800489316 /* Debug */,
				0453F35C1D27D04800489316 /* Release */,
			);
			defaultConfigurationIsVisible = 0;
		};
		0453F35D1D27D04800489316 /* Build configuration list for PBXNativeTarget "QQMusic_FQHTests" */ = {
			isa = XCConfigurationList;
			buildConfigurations = (
				0453F35E1D27D04800489316 /* Debug */,
				0453F35F1D27D04800489316 /* Release */,
			);
			defaultConfigurationIsVisible = 0;
		};
		0453F3601D27D04800489316 /* Build configuration list for PBXNativeTarget "QQMusic_FQHUITests" */ = {
			isa = XCConfigurationList;
			buildConfigurations = (
				0453F3611D27D04800489316 /* Debug */,
				0453F3621D27D04800489316 /* Release */,
			);
			defaultConfigurationIsVisible = 0;
		};
/* End XCConfigurationList section */
	};
	rootObject = 0453F3251D27D04800489316 /* Project object */;
}
